
Microsoft Visual Studio Solution File, Format Version 12.00
# Visual Studio Version 16
VisualStudioVersion = 16.0.30114.105
MinimumVisualStudioVersion = 10.0.40219.1
Project("{9A19103F-16F7-4668-BE54-9A1E7A4F7556}") = "M09ConsoleApp", "M09ConsoleApp\M09ConsoleApp.csproj", "{AE8C32B4-C5DB-4EBA-A7FD-9EE5AA7810DD}"
EndProject
Project("{2150E333-8FDC-42A3-9474-1A3956D46DE8}") = "Solution Items", "Solution Items", "{7F3AB6AD-F6E2-44BE-A9AB-325FD68DAD0C}"
	ProjectSection(SolutionItems) = preProject
		..\config.editorconfig = ..\config.editorconfig
	EndProjectSection
EndProject
Project("{9A19103F-16F7-4668-BE54-9A1E7A4F7556}") = "DataFilterTest", "DataHandlerTest\DataFilterTest.csproj", "{D2511EA1-32F4-4296-89D2-D6F9AFC44948}"
EndProject
Global
	GlobalSection(SolutionConfigurationPlatforms) = preSolution
		Debug|Any CPU = Debug|Any CPU
		Release|Any CPU = Release|Any CPU
	EndGlobalSection
	GlobalSection(ProjectConfigurationPlatforms) = postSolution
		{AE8C32B4-C5DB-4EBA-A7FD-9EE5AA7810DD}.Debug|Any CPU.ActiveCfg = Debug|Any CPU
		{AE8C32B4-C5DB-4EBA-A7FD-9EE5AA7810DD}.Debug|Any CPU.Build.0 = Debug|Any CPU
		{AE8C32B4-C5DB-4EBA-A7FD-9EE5AA7810DD}.Release|Any CPU.ActiveCfg = Release|Any CPU
		{AE8C32B4-C5DB-4EBA-A7FD-9EE5AA7810DD}.Release|Any CPU.Build.0 = Release|Any CPU
		{D2511EA1-32F4-4296-89D2-D6F9AFC44948}.Debug|Any CPU.ActiveCfg = Debug|Any CPU
		{D2511EA1-32F4-4296-89D2-D6F9AFC44948}.Debug|Any CPU.Build.0 = Debug|Any CPU
		{D2511EA1-32F4-4296-89D2-D6F9AFC44948}.Release|Any CPU.ActiveCfg = Release|Any CPU
		{D2511EA1-32F4-4296-89D2-D6F9AFC44948}.Release|Any CPU.Build.0 = Release|Any CPU
	EndGlobalSection
	GlobalSection(SolutionProperties) = preSolution
		HideSolutionNode = FALSE
	EndGlobalSection
	GlobalSection(ExtensibilityGlobals) = postSolution
		SolutionGuid = {2DBEA5BF-9135-45D8-AFFA-573B9264A8C2}
	EndGlobalSection
EndGlobal
